// !$*UTF8*$!
{
	archiveVersion = 1;
	classes = {
	};
	objectVersion = 50;
	objects = {

/* Begin PBXBuildFile section */
		14E0E921E34D44300DBB7537 /* Pods_iostest.framework in Frameworks */ = {isa = PBXBuildFile; fileRef = 034756EB3C8090D57ACD73A8 /* Pods_iostest.framework */; };
		345CDB68BD5CC285494678E9 /* Pods_iostestTests.framework in Frameworks */ = {isa = PBXBuildFile; fileRef = 01EB1A67970F946FF5EEFB2B /* Pods_iostestTests.framework */; };
		3AFBE4D04AB10BF8C7A5D5EF /* Pods_iostestUITests.framework in Frameworks */ = {isa = PBXBuildFile; fileRef = 1F50872CBACC824AEE4BAFCD /* Pods_iostestUITests.framework */; };
		AAE9B837208D7E5E0083C862 /* AppDelegate.swift in Sources */ = {isa = PBXBuildFile; fileRef = AAE9B836208D7E5E0083C862 /* AppDelegate.swift */; };
		AAE9B839208D7E5E0083C862 /* ViewController.swift in Sources */ = {isa = PBXBuildFile; fileRef = AAE9B838208D7E5E0083C862 /* ViewController.swift */; };
		AAE9B83C208D7E5E0083C862 /* Main.storyboard in Resources */ = {isa = PBXBuildFile; fileRef = AAE9B83A208D7E5E0083C862 /* Main.storyboard */; };
		AAE9B83E208D7E620083C862 /* Assets.xcassets in Resources */ = {isa = PBXBuildFile; fileRef = AAE9B83D208D7E620083C862 /* Assets.xcassets */; };
		AAE9B841208D7E620083C862 /* LaunchScreen.storyboard in Resources */ = {isa = PBXBuildFile; fileRef = AAE9B83F208D7E620083C862 /* LaunchScreen.storyboard */; };
		AAE9B84C208D7E620083C862 /* iostestTests.swift in Sources */ = {isa = PBXBuildFile; fileRef = AAE9B84B208D7E620083C862 /* iostestTests.swift */; };
		AAE9B857208D7E620083C862 /* iostestUITests.swift in Sources */ = {isa = PBXBuildFile; fileRef = AAE9B856208D7E620083C862 /* iostestUITests.swift */; };
/* End PBXBuildFile section */

/* Begin PBXContainerItemProxy section */
		AAE9B848208D7E620083C862 /* PBXContainerItemProxy */ = {
			isa = PBXContainerItemProxy;
			containerPortal = AAE9B82B208D7E5E0083C862 /* Project object */;
			proxyType = 1;
			remoteGlobalIDString = AAE9B832208D7E5E0083C862;
			remoteInfo = iostest;
		};
		AAE9B853208D7E620083C862 /* PBXContainerItemProxy */ = {
			isa = PBXContainerItemProxy;
			containerPortal = AAE9B82B208D7E5E0083C862 /* Project object */;
			proxyType = 1;
			remoteGlobalIDString = AAE9B832208D7E5E0083C862;
			remoteInfo = iostest;
		};
/* End PBXContainerItemProxy section */

/* Begin PBXFileReference section */
		01EB1A67970F946FF5EEFB2B /* Pods_iostestTests.framework */ = {isa = PBXFileReference; explicitFileType = wrapper.framework; includeInIndex = 0; path = Pods_iostestTests.framework; sourceTree = BUILT_PRODUCTS_DIR; };
		034756EB3C8090D57ACD73A8 /* Pods_iostest.framework */ = {isa = PBXFileReference; explicitFileType = wrapper.framework; includeInIndex = 0; path = Pods_iostest.framework; sourceTree = BUILT_PRODUCTS_DIR; };
		1F50872CBACC824AEE4BAFCD /* Pods_iostestUITests.framework */ = {isa = PBXFileReference; explicitFileType = wrapper.framework; includeInIndex = 0; path = Pods_iostestUITests.framework; sourceTree = BUILT_PRODUCTS_DIR; };
		2180C780B8B074915D600FC3 /* Pods-iostestTests.release.xcconfig */ = {isa = PBXFileReference; includeInIndex = 1; lastKnownFileType = text.xcconfig; name = "Pods-iostestTests.release.xcconfig"; path = "Pods/Target Support Files/Pods-iostestTests/Pods-iostestTests.release.xcconfig"; sourceTree = "<group>"; };
		A6C2DA55DDE9CC0CA4A426B7 /* Pods-iostestUITests.debug.xcconfig */ = {isa = PBXFileReference; includeInIndex = 1; lastKnownFileType = text.xcconfig; name = "Pods-iostestUITests.debug.xcconfig"; path = "Pods/Target Support Files/Pods-iostestUITests/Pods-iostestUITests.debug.xcconfig"; sourceTree = "<group>"; };
		A7E653C845050A724C22581D /* Pods-iostest.release.xcconfig */ = {isa = PBXFileReference; includeInIndex = 1; lastKnownFileType = text.xcconfig; name = "Pods-iostest.release.xcconfig"; path = "Pods/Target Support Files/Pods-iostest/Pods-iostest.release.xcconfig"; sourceTree = "<group>"; };
		AAE9B833208D7E5E0083C862 /* iostest.app */ = {isa = PBXFileReference; explicitFileType = wrapper.application; includeInIndex = 0; path = iostest.app; sourceTree = BUILT_PRODUCTS_DIR; };
		AAE9B836208D7E5E0083C862 /* AppDelegate.swift */ = {isa = PBXFileReference; lastKnownFileType = sourcecode.swift; path = AppDelegate.swift; sourceTree = "<group>"; };
		AAE9B838208D7E5E0083C862 /* ViewController.swift */ = {isa = PBXFileReference; lastKnownFileType = sourcecode.swift; path = ViewController.swift; sourceTree = "<group>"; };
		AAE9B83B208D7E5E0083C862 /* Base */ = {isa = PBXFileReference; lastKnownFileType = file.storyboard; name = Base; path = Base.lproj/Main.storyboard; sourceTree = "<group>"; };
		AAE9B83D208D7E620083C862 /* Assets.xcassets */ = {isa = PBXFileReference; lastKnownFileType = folder.assetcatalog; path = Assets.xcassets; sourceTree = "<group>"; };
		AAE9B840208D7E620083C862 /* Base */ = {isa = PBXFileReference; lastKnownFileType = file.storyboard; name = Base; path = Base.lproj/LaunchScreen.storyboard; sourceTree = "<group>"; };
		AAE9B842208D7E620083C862 /* Info.plist */ = {isa = PBXFileReference; lastKnownFileType = text.plist.xml; path = Info.plist; sourceTree = "<group>"; };
		AAE9B847208D7E620083C862 /* iostestTests.xctest */ = {isa = PBXFileReference; explicitFileType = wrapper.cfbundle; includeInIndex = 0; path = iostestTests.xctest; sourceTree = BUILT_PRODUCTS_DIR; };
		AAE9B84B208D7E620083C862 /* iostestTests.swift */ = {isa = PBXFileReference; lastKnownFileType = sourcecode.swift; path = iostestTests.swift; sourceTree = "<group>"; };
		AAE9B84D208D7E620083C862 /* Info.plist */ = {isa = PBXFileReference; lastKnownFileType = text.plist.xml; path = Info.plist; sourceTree = "<group>"; };
		AAE9B852208D7E620083C862 /* iostestUITests.xctest */ = {isa = PBXFileReference; explicitFileType = wrapper.cfbundle; includeInIndex = 0; path = iostestUITests.xctest; sourceTree = BUILT_PRODUCTS_DIR; };
		AAE9B856208D7E620083C862 /* iostestUITests.swift */ = {isa = PBXFileReference; lastKnownFileType = sourcecode.swift; path = iostestUITests.swift; sourceTree = "<group>"; };
		AAE9B858208D7E620083C862 /* Info.plist */ = {isa = PBXFileReference; lastKnownFileType = text.plist.xml; path = Info.plist; sourceTree = "<group>"; };
		BA7D9903BEDA6094526C46C5 /* Pods-iostestUITests.release.xcconfig */ = {isa = PBXFileReference; includeInIndex = 1; lastKnownFileType = text.xcconfig; name = "Pods-iostestUITests.release.xcconfig"; path = "Pods/Target Support Files/Pods-iostestUITests/Pods-iostestUITests.release.xcconfig"; sourceTree = "<group>"; };
		BDE9B988D371649FAE1B9C93 /* Pods-iostest.debug.xcconfig */ = {isa = PBXFileReference; includeInIndex = 1; lastKnownFileType = text.xcconfig; name = "Pods-iostest.debug.xcconfig"; path = "Pods/Target Support Files/Pods-iostest/Pods-iostest.debug.xcconfig"; sourceTree = "<group>"; };
		E575E55691C590C7EAD051BB /* Pods-iostestTests.debug.xcconfig */ = {isa = PBXFileReference; includeInIndex = 1; lastKnownFileType = text.xcconfig; name = "Pods-iostestTests.debug.xcconfig"; path = "Pods/Target Support Files/Pods-iostestTests/Pods-iostestTests.debug.xcconfig"; sourceTree = "<group>"; };
/* End PBXFileReference section */

/* Begin PBXFrameworksBuildPhase section */
		AAE9B830208D7E5E0083C862 /* Frameworks */ = {
			isa = PBXFrameworksBuildPhase;
			buildActionMask = 2147483647;
			files = (
				14E0E921E34D44300DBB7537 /* Pods_iostest.framework in Frameworks */,
			);
			runOnlyForDeploymentPostprocessing = 0;
		};
		AAE9B844208D7E620083C862 /* Frameworks */ = {
			isa = PBXFrameworksBuildPhase;
			buildActionMask = 2147483647;
			files = (
				345CDB68BD5CC285494678E9 /* Pods_iostestTests.framework in Frameworks */,
			);
			runOnlyForDeploymentPostprocessing = 0;
		};
		AAE9B84F208D7E620083C862 /* Frameworks */ = {
			isa = PBXFrameworksBuildPhase;
			buildActionMask = 2147483647;
			files = (
				3AFBE4D04AB10BF8C7A5D5EF /* Pods_iostestUITests.framework in Frameworks */,
			);
			runOnlyForDeploymentPostprocessing = 0;
		};
/* End PBXFrameworksBuildPhase section */

/* Begin PBXGroup section */
		1854DF66AB2EA82527AC8E49 /* Pods */ = {
			isa = PBXGroup;
			children = (
				BDE9B988D371649FAE1B9C93 /* Pods-iostest.debug.xcconfig */,
				A7E653C845050A724C22581D /* Pods-iostest.release.xcconfig */,
				E575E55691C590C7EAD051BB /* Pods-iostestTests.debug.xcconfig */,
				2180C780B8B074915D600FC3 /* Pods-iostestTests.release.xcconfig */,
				A6C2DA55DDE9CC0CA4A426B7 /* Pods-iostestUITests.debug.xcconfig */,
				BA7D9903BEDA6094526C46C5 /* Pods-iostestUITests.release.xcconfig */,
			);
			name = Pods;
			sourceTree = "<group>";
		};
		4855D0B2C6A8F3AD5973562C /* Frameworks */ = {
			isa = PBXGroup;
			children = (
				034756EB3C8090D57ACD73A8 /* Pods_iostest.framework */,
				01EB1A67970F946FF5EEFB2B /* Pods_iostestTests.framework */,
				1F50872CBACC824AEE4BAFCD /* Pods_iostestUITests.framework */,
			);
			name = Frameworks;
			sourceTree = "<group>";
		};
		AAE9B82A208D7E5E0083C862 = {
			isa = PBXGroup;
			children = (
				AAE9B835208D7E5E0083C862 /* iostest */,
				AAE9B84A208D7E620083C862 /* iostestTests */,
				AAE9B855208D7E620083C862 /* iostestUITests */,
				AAE9B834208D7E5E0083C862 /* Products */,
				1854DF66AB2EA82527AC8E49 /* Pods */,
				4855D0B2C6A8F3AD5973562C /* Frameworks */,
			);
			sourceTree = "<group>";
		};
		AAE9B834208D7E5E0083C862 /* Products */ = {
			isa = PBXGroup;
			children = (
				AAE9B833208D7E5E0083C862 /* iostest.app */,
				AAE9B847208D7E620083C862 /* iostestTests.xctest */,
				AAE9B852208D7E620083C862 /* iostestUITests.xctest */,
			);
			name = Products;
			sourceTree = "<group>";
		};
		AAE9B835208D7E5E0083C862 /* iostest */ = {
			isa = PBXGroup;
			children = (
				AAE9B836208D7E5E0083C862 /* AppDelegate.swift */,
				AAE9B838208D7E5E0083C862 /* ViewController.swift */,
				AAE9B83A208D7E5E0083C862 /* Main.storyboard */,
				AAE9B83D208D7E620083C862 /* Assets.xcassets */,
				AAE9B83F208D7E620083C862 /* LaunchScreen.storyboard */,
				AAE9B842208D7E620083C862 /* Info.plist */,
			);
			path = iostest;
			sourceTree = "<group>";
		};
		AAE9B84A208D7E620083C862 /* iostestTests */ = {
			isa = PBXGroup;
			children = (
				AAE9B84B208D7E620083C862 /* iostestTests.swift */,
				AAE9B84D208D7E620083C862 /* Info.plist */,
			);
			path = iostestTests;
			sourceTree = "<group>";
		};
		AAE9B855208D7E620083C862 /* iostestUITests */ = {
			isa = PBXGroup;
			children = (
				AAE9B856208D7E620083C862 /* iostestUITests.swift */,
				AAE9B858208D7E620083C862 /* Info.plist */,
			);
			path = iostestUITests;
			sourceTree = "<group>";
		};
/* End PBXGroup section */

/* Begin PBXNativeTarget section */
		AAE9B832208D7E5E0083C862 /* iostest */ = {
			isa = PBXNativeTarget;
			buildConfigurationList = AAE9B85B208D7E620083C862 /* Build configuration list for PBXNativeTarget "iostest" */;
			buildPhases = (
				912D04D8D3C01AC85218003D /* [CP] Check Pods Manifest.lock */,
				AAE9B82F208D7E5E0083C862 /* Sources */,
				AAE9B830208D7E5E0083C862 /* Frameworks */,
				AAE9B831208D7E5E0083C862 /* Resources */,
				51663186F8C9047667D95EB0 /* [CP] Embed Pods Frameworks */,
				7F1632D39AB9F15F5D1509E8 /* [CP] Copy Pods Resources */,
			);
			buildRules = (
			);
			dependencies = (
			);
			name = iostest;
			productName = iostest;
			productReference = AAE9B833208D7E5E0083C862 /* iostest.app */;
			productType = "com.apple.product-type.application";
		};
		AAE9B846208D7E620083C862 /* iostestTests */ = {
			isa = PBXNativeTarget;
			buildConfigurationList = AAE9B85E208D7E620083C862 /* Build configuration list for PBXNativeTarget "iostestTests" */;
			buildPhases = (
				CAECC7B648F754E56ECB741D /* [CP] Check Pods Manifest.lock */,
				AAE9B843208D7E620083C862 /* Sources */,
				AAE9B844208D7E620083C862 /* Frameworks */,
				AAE9B845208D7E620083C862 /* Resources */,
				EED37CE33ABB658AB3A259A6 /* [CP] Embed Pods Frameworks */,
				4DCD0FBD32DB292DC9413EFA /* [CP] Copy Pods Resources */,
			);
			buildRules = (
			);
			dependencies = (
				AAE9B849208D7E620083C862 /* PBXTargetDependency */,
			);
			name = iostestTests;
			productName = iostestTests;
			productReference = AAE9B847208D7E620083C862 /* iostestTests.xctest */;
			productType = "com.apple.product-type.bundle.unit-test";
		};
		AAE9B851208D7E620083C862 /* iostestUITests */ = {
			isa = PBXNativeTarget;
			buildConfigurationList = AAE9B861208D7E620083C862 /* Build configuration list for PBXNativeTarget "iostestUITests" */;
			buildPhases = (
				82CC83B003A8B444AF7E4732 /* [CP] Check Pods Manifest.lock */,
				AAE9B84E208D7E620083C862 /* Sources */,
				AAE9B84F208D7E620083C862 /* Frameworks */,
				AAE9B850208D7E620083C862 /* Resources */,
				4B0EDCB04D03E1A06BB8D3E0 /* [CP] Embed Pods Frameworks */,
				F24FA0F4381BDE7C5AF6B67A /* [CP] Copy Pods Resources */,
			);
			buildRules = (
			);
			dependencies = (
				AAE9B854208D7E620083C862 /* PBXTargetDependency */,
			);
			name = iostestUITests;
			productName = iostestUITests;
			productReference = AAE9B852208D7E620083C862 /* iostestUITests.xctest */;
			productType = "com.apple.product-type.bundle.ui-testing";
		};
/* End PBXNativeTarget section */

/* Begin PBXProject section */
		AAE9B82B208D7E5E0083C862 /* Project object */ = {
			isa = PBXProject;
			attributes = {
				LastSwiftUpdateCheck = 0930;
				LastUpgradeCheck = 0930;
				ORGANIZATIONNAME = flycompany;
				TargetAttributes = {
					AAE9B832208D7E5E0083C862 = {
						CreatedOnToolsVersion = 9.3;
					};
					AAE9B846208D7E620083C862 = {
						CreatedOnToolsVersion = 9.3;
						TestTargetID = AAE9B832208D7E5E0083C862;
					};
					AAE9B851208D7E620083C862 = {
						CreatedOnToolsVersion = 9.3;
						TestTargetID = AAE9B832208D7E5E0083C862;
					};
				};
			};
			buildConfigurationList = AAE9B82E208D7E5E0083C862 /* Build configuration list for PBXProject "iostest" */;
			compatibilityVersion = "Xcode 9.3";
			developmentRegion = en;
			hasScannedForEncodings = 0;
			knownRegions = (
				en,
				Base,
			);
			mainGroup = AAE9B82A208D7E5E0083C862;
			productRefGroup = AAE9B834208D7E5E0083C862 /* Products */;
			projectDirPath = "";
			projectRoot = "";
			targets = (
				AAE9B832208D7E5E0083C862 /* iostest */,
				AAE9B846208D7E620083C862 /* iostestTests */,
				AAE9B851208D7E620083C862 /* iostestUITests */,
			);
		};
/* End PBXProject section */

/* Begin PBXResourcesBuildPhase section */
		AAE9B831208D7E5E0083C862 /* Resources */ = {
			isa = PBXResourcesBuildPhase;
			buildActionMask = 2147483647;
			files = (
				AAE9B841208D7E620083C862 /* LaunchScreen.storyboard in Resources */,
				AAE9B83E208D7E620083C862 /* Assets.xcassets in Resources */,
				AAE9B83C208D7E5E0083C862 /* Main.storyboard in Resources */,
			);
			runOnlyForDeploymentPostprocessing = 0;
		};
		AAE9B845208D7E620083C862 /* Resources */ = {
			isa = PBXResourcesBuildPhase;
			buildActionMask = 2147483647;
			files = (
			);
			runOnlyForDeploymentPostprocessing = 0;
		};
		AAE9B850208D7E620083C862 /* Resources */ = {
			isa = PBXResourcesBuildPhase;
			buildActionMask = 2147483647;
			files = (
			);
			runOnlyForDeploymentPostprocessing = 0;
		};
/* End PBXResourcesBuildPhase section */

/* Begin PBXShellScriptBuildPhase section */
		4B0EDCB04D03E1A06BB8D3E0 /* [CP] Embed Pods Frameworks */ = {
			isa = PBXShellScriptBuildPhase;
			buildActionMask = 2147483647;
			files = (
			);
			inputPaths = (
			);
			name = "[CP] Embed Pods Frameworks";
			outputPaths = (
			);
			runOnlyForDeploymentPostprocessing = 0;
			shellPath = /bin/sh;
			shellScript = "\"${SRCROOT}/Pods/Target Support Files/Pods-iostestUITests/Pods-iostestUITests-frameworks.sh\"\n";
			showEnvVarsInLog = 0;
		};
		4DCD0FBD32DB292DC9413EFA /* [CP] Copy Pods Resources */ = {
			isa = PBXShellScriptBuildPhase;
			buildActionMask = 2147483647;
			files = (
			);
			inputPaths = (
			);
			name = "[CP] Copy Pods Resources";
			outputPaths = (
			);
			runOnlyForDeploymentPostprocessing = 0;
			shellPath = /bin/sh;
			shellScript = "\"${SRCROOT}/Pods/Target Support Files/Pods-iostestTests/Pods-iostestTests-resources.sh\"\n";
			showEnvVarsInLog = 0;
		};
		51663186F8C9047667D95EB0 /* [CP] Embed Pods Frameworks */ = {
			isa = PBXShellScriptBuildPhase;
			buildActionMask = 2147483647;
			files = (
			);
			inputPaths = (
				"${SRCROOT}/Pods/Target Support Files/Pods-iostest/Pods-iostest-frameworks.sh",
				"${BUILT_PRODUCTS_DIR}/Alamofire/Alamofire.framework",
				"${BUILT_PRODUCTS_DIR}/SwiftyJSON/SwiftyJSON.framework",
			);
			name = "[CP] Embed Pods Frameworks";
			outputPaths = (
				"${TARGET_BUILD_DIR}/${FRAMEWORKS_FOLDER_PATH}/Alamofire.framework",
				"${TARGET_BUILD_DIR}/${FRAMEWORKS_FOLDER_PATH}/SwiftyJSON.framework",
			);
			runOnlyForDeploymentPostprocessing = 0;
			shellPath = /bin/sh;
			shellScript = "\"${SRCROOT}/Pods/Target Support Files/Pods-iostest/Pods-iostest-frameworks.sh\"\n";
			showEnvVarsInLog = 0;
		};
		7F1632D39AB9F15F5D1509E8 /* [CP] Copy Pods Resources */ = {
			isa = PBXShellScriptBuildPhase;
			buildActionMask = 2147483647;
			files = (
			);
			inputPaths = (
			);
			name = "[CP] Copy Pods Resources";
			outputPaths = (
			);
			runOnlyForDeploymentPostprocessing = 0;
			shellPath = /bin/sh;
			shellScript = "\"${SRCROOT}/Pods/Target Support Files/Pods-iostest/Pods-iostest-resources.sh\"\n";
			showEnvVarsInLog = 0;
		};
		82CC83B003A8B444AF7E4732 /* [CP] Check Pods Manifest.lock */ = {
			isa = PBXShellScriptBuildPhase;
			buildActionMask = 2147483647;
			files = (
			);
			inputPaths = (
				"${PODS_PODFILE_DIR_PATH}/Podfile.lock",
				"${PODS_ROOT}/Manifest.lock",
			);
			name = "[CP] Check Pods Manifest.lock";
			outputPaths = (
				"$(DERIVED_FILE_DIR)/Pods-iostestUITests-checkManifestLockResult.txt",
			);
			runOnlyForDeploymentPostprocessing = 0;
			shellPath = /bin/sh;
			shellScript = "diff \"${PODS_PODFILE_DIR_PATH}/Podfile.lock\" \"${PODS_ROOT}/Manifest.lock\" > /dev/null\nif [ $? != 0 ] ; then\n    # print error to STDERR\n    echo \"error: The sandbox is not in sync with the Podfile.lock. Run 'pod install' or update your CocoaPods installation.\" >&2\n    exit 1\nfi\n# This output is used by Xcode 'outputs' to avoid re-running this script phase.\necho \"SUCCESS\" > \"${SCRIPT_OUTPUT_FILE_0}\"\n";
			showEnvVarsInLog = 0;
		};
		912D04D8D3C01AC85218003D /* [CP] Check Pods Manifest.lock */ = {
			isa = PBXShellScriptBuildPhase;
			buildActionMask = 2147483647;
			files = (
			);
			inputPaths = (
				"${PODS_PODFILE_DIR_PATH}/Podfile.lock",
				"${PODS_ROOT}/Manifest.lock",
			);
			name = "[CP] Check Pods Manifest.lock";
			outputPaths = (
				"$(DERIVED_FILE_DIR)/Pods-iostest-checkManifestLockResult.txt",
			);
			runOnlyForDeploymentPostprocessing = 0;
			shellPath = /bin/sh;
			shellScript = "diff \"${PODS_PODFILE_DIR_PATH}/Podfile.lock\" \"${PODS_ROOT}/Manifest.lock\" > /dev/null\nif [ $? != 0 ] ; then\n    # print error to STDERR\n    echo \"error: The sandbox is not in sync with the Podfile.lock. Run 'pod install' or update your CocoaPods installation.\" >&2\n    exit 1\nfi\n# This output is used by Xcode 'outputs' to avoid re-running this script phase.\necho \"SUCCESS\" > \"${SCRIPT_OUTPUT_FILE_0}\"\n";
			showEnvVarsInLog = 0;
		};
		CAECC7B648F754E56ECB741D /* [CP] Check Pods Manifest.lock */ = {
			isa = PBXShellScriptBuildPhase;
			buildActionMask = 2147483647;
			files = (
			);
			inputPaths = (
				"${PODS_PODFILE_DIR_PATH}/Podfile.lock",
				"${PODS_ROOT}/Manifest.lock",
			);
			name = "[CP] Check Pods Manifest.lock";
			outputPaths = (
				"$(DERIVED_FILE_DIR)/Pods-iostestTests-checkManifestLockResult.txt",
			);
			runOnlyForDeploymentPostprocessing = 0;
			shellPath = /bin/sh;
			shellScript = "diff \"${PODS_PODFILE_DIR_PATH}/Podfile.lock\" \"${PODS_ROOT}/Manifest.lock\" > /dev/null\nif [ $? != 0 ] ; then\n    # print error to STDERR\n    echo \"error: The sandbox is not in sync with the Podfile.lock. Run 'pod install' or update your CocoaPods installation.\" >&2\n    exit 1\nfi\n# This output is used by Xcode 'outputs' to avoid re-running this script phase.\necho \"SUCCESS\" > \"${SCRIPT_OUTPUT_FILE_0}\"\n";
			showEnvVarsInLog = 0;
		};
		EED37CE33ABB658AB3A259A6 /* [CP] Embed Pods Frameworks */ = {
			isa = PBXShellScriptBuildPhase;
			buildActionMask = 2147483647;
			files = (
			);
			inputPaths = (
			);
			name = "[CP] Embed Pods Frameworks";
			outputPaths = (
			);
			runOnlyForDeploymentPostprocessing = 0;
			shellPath = /bin/sh;
			shellScript = "\"${SRCROOT}/Pods/Target Support Files/Pods-iostestTests/Pods-iostestTests-frameworks.sh\"\n";
			showEnvVarsInLog = 0;
		};
		F24FA0F4381BDE7C5AF6B67A /* [CP] Copy Pods Resources */ = {
			isa = PBXShellScriptBuildPhase;
			buildActionMask = 2147483647;
			files = (
			);
			inputPaths = (
			);
			name = "[CP] Copy Pods Resources";
			outputPaths = (
			);
			runOnlyForDeploymentPostprocessing = 0;
			shellPath = /bin/sh;
			shellScript = "\"${SRCROOT}/Pods/Target Support Files/Pods-iostestUITests/Pods-iostestUITests-resources.sh\"\n";
			showEnvVarsInLog = 0;
		};
/* End PBXShellScriptBuildPhase section */

/* Begin PBXSourcesBuildPhase section */
		AAE9B82F208D7E5E0083C862 /* Sources */ = {
			isa = PBXSourcesBuildPhase;
			buildActionMask = 2147483647;
			files = (
				AAE9B839208D7E5E0083C862 /* ViewController.swift in Sources */,
				AAE9B837208D7E5E0083C862 /* AppDelegate.swift in Sources */,
			);
			runOnlyForDeploymentPostprocessing = 0;
		};
		AAE9B843208D7E620083C862 /* Sources */ = {
			isa = PBXSourcesBuildPhase;
			buildActionMask = 2147483647;
			files = (
				AAE9B84C208D7E620083C862 /* iostestTests.swift in Sources */,
			);
			runOnlyForDeploymentPostprocessing = 0;
		};
		AAE9B84E208D7E620083C862 /* Sources */ = {
			isa = PBXSourcesBuildPhase;
			buildActionMask = 2147483647;
			files = (
				AAE9B857208D7E620083C862 /* iostestUITests.swift in Sources */,
			);
			runOnlyForDeploymentPostprocessing = 0;
		};
/* End PBXSourcesBuildPhase section */

/* Begin PBXTargetDependency section */
		AAE9B849208D7E620083C862 /* PBXTargetDependency */ = {
			isa = PBXTargetDependency;
			target = AAE9B832208D7E5E0083C862 /* iostest */;
			targetProxy = AAE9B848208D7E620083C862 /* PBXContainerItemProxy */;
		};
		AAE9B854208D7E620083C862 /* PBXTargetDependency */ = {
			isa = PBXTargetDependency;
			target = AAE9B832208D7E5E0083C862 /* iostest */;
			targetProxy = AAE9B853208D7E620083C862 /* PBXContainerItemProxy */;
		};
/* End PBXTargetDependency section */

/* Begin PBXVariantGroup section */
		AAE9B83A208D7E5E0083C862 /* Main.storyboard */ = {
			isa = PBXVariantGroup;
			children = (
				AAE9B83B208D7E5E0083C862 /* Base */,
			);
			name = Main.storyboard;
			sourceTree = "<group>";
		};
		AAE9B83F208D7E620083C862 /* LaunchScreen.storyboard */ = {
			isa = PBXVariantGroup;
			children = (
				AAE9B840208D7E620083C862 /* Base */,
			);
			name = LaunchScreen.storyboard;
			sourceTree = "<group>";
		};
/* End PBXVariantGroup section */

/* Begin XCBuildConfiguration section */
		AAE9B859208D7E620083C862 /* Debug */ = {
			isa = XCBuildConfiguration;
			buildSettings = {
				ALWAYS_SEARCH_USER_PATHS = NO;
				CLANG_ANALYZER_NONNULL = YES;
				CLANG_ANALYZER_NUMBER_OBJECT_CONVERSION = YES_AGGRESSIVE;
				CLANG_CXX_LANGUAGE_STANDARD = "gnu++14";
				CLANG_CXX_LIBRARY = "libc++";
				CLANG_ENABLE_MODULES = YES;
				CLANG_ENABLE_OBJC_ARC = YES;
				CLANG_ENABLE_OBJC_WEAK = YES;
				CLANG_WARN_BLOCK_CAPTURE_AUTORELEASING = YES;
				CLANG_WARN_BOOL_CONVERSION = YES;
				CLANG_WARN_COMMA = YES;
				CLANG_WARN_CONSTANT_CONVERSION = YES;
				CLANG_WARN_DEPRECATED_OBJC_IMPLEMENTATIONS = YES;
				CLANG_WARN_DIRECT_OBJC_ISA_USAGE = YES_ERROR;
				CLANG_WARN_DOCUMENTATION_COMMENTS = YES;
				CLANG_WARN_EMPTY_BODY = YES;
				CLANG_WARN_ENUM_CONVERSION = YES;
				CLANG_WARN_INFINITE_RECURSION = YES;
				CLANG_WARN_INT_CONVERSION = YES;
				CLANG_WARN_NON_LITERAL_NULL_CONVERSION = YES;
				CLANG_WARN_OBJC_IMPLICIT_RETAIN_SELF = YES;
				CLANG_WARN_OBJC_LITERAL_CONVERSION = YES;
				CLANG_WARN_OBJC_ROOT_CLASS = YES_ERROR;
				CLANG_WARN_RANGE_LOOP_ANALYSIS = YES;
				CLANG_WARN_STRICT_PROTOTYPES = YES;
				CLANG_WARN_SUSPICIOUS_MOVE = YES;
				CLANG_WARN_UNGUARDED_AVAILABILITY = YES_AGGRESSIVE;
				CLANG_WARN_UNREACHABLE_CODE = YES;
				CLANG_WARN__DUPLICATE_METHOD_MATCH = YES;
				CODE_SIGN_IDENTITY = "iPhone Developer";
				COPY_PHASE_STRIP = NO;
				DEBUG_INFORMATION_FORMAT = dwarf;
				ENABLE_STRICT_OBJC_MSGSEND = YES;
				ENABLE_TESTABILITY = YES;
				GCC_C_LANGUAGE_STANDARD = gnu11;
				GCC_DYNAMIC_NO_PIC = NO;
				GCC_NO_COMMON_BLOCKS = YES;
				GCC_OPTIMIZATION_LEVEL = 0;
				GCC_PREPROCESSOR_DEFINITIONS = (
					"DEBUG=1",
					"$(inherited)",
				);
				GCC_WARN_64_TO_32_BIT_CONVERSION = YES;
				GCC_WARN_ABOUT_RETURN_TYPE = YES_ERROR;
				GCC_WARN_UNDECLARED_SELECTOR = YES;
				GCC_WARN_UNINITIALIZED_AUTOS = YES_AGGRESSIVE;
				GCC_WARN_UNUSED_FUNCTION = YES;
				GCC_WARN_UNUSED_VARIABLE = YES;
				IPHONEOS_DEPLOYMENT_TARGET = 11.3;
				MTL_ENABLE_DEBUG_INFO = YES;
				ONLY_ACTIVE_ARCH = YES;
				SDKROOT = iphoneos;
				SWIFT_ACTIVE_COMPILATION_CONDITIONS = DEBUG;
				SWIFT_OPTIMIZATION_LEVEL = "-Onone";
			};
			name = Debug;
		};
		AAE9B85A208D7E620083C862 /* Release */ = {
			isa = XCBuildConfiguration;
			buildSettings = {
				ALWAYS_SEARCH_USER_PATHS = NO;
				CLANG_ANALYZER_NONNULL = YES;
				CLANG_ANALYZER_NUMBER_OBJECT_CONVERSION = YES_AGGRESSIVE;
				CLANG_CXX_LANGUAGE_STANDARD = "gnu++14";
				CLANG_CXX_LIBRARY = "libc++";
				CLANG_ENABLE_MODULES = YES;
				CLANG_ENABLE_OBJC_ARC = YES;
				CLANG_ENABLE_OBJC_WEAK = YES;
				CLANG_WARN_BLOCK_CAPTURE_AUTORELEASING = YES;
				CLANG_WARN_BOOL_CONVERSION = YES;
				CLANG_WARN_COMMA = YES;
				CLANG_WARN_CONSTANT_CONVERSION = YES;
				CLANG_WARN_DEPRECATED_OBJC_IMPLEMENTATIONS = YES;
				CLANG_WARN_DIRECT_OBJC_ISA_USAGE = YES_ERROR;
				CLANG_WARN_DOCUMENTATION_COMMENTS = YES;
				CLANG_WARN_EMPTY_BODY = YES;
				CLANG_WARN_ENUM_CONVERSION = YES;
				CLANG_WARN_INFINITE_RECURSION = YES;
				CLANG_WARN_INT_CONVERSION = YES;
				CLANG_WARN_NON_LITERAL_NULL_CONVERSION = YES;
				CLANG_WARN_OBJC_IMPLICIT_RETAIN_SELF = YES;
				CLANG_WARN_OBJC_LITERAL_CONVERSION = YES;
				CLANG_WARN_OBJC_ROOT_CLASS = YES_ERROR;
				CLANG_WARN_RANGE_LOOP_ANALYSIS = YES;
				CLANG_WARN_STRICT_PROTOTYPES = YES;
				CLANG_WARN_SUSPICIOUS_MOVE = YES;
				CLANG_WARN_UNGUARDED_AVAILABILITY = YES_AGGRESSIVE;
				CLANG_WARN_UNREACHABLE_CODE = YES;
				CLANG_WARN__DUPLICATE_METHOD_MATCH = YES;
				CODE_SIGN_IDENTITY = "iPhone Developer";
				COPY_PHASE_STRIP = NO;
				DEBUG_INFORMATION_FORMAT = "dwarf-with-dsym";
				ENABLE_NS_ASSERTIONS = NO;
				ENABLE_STRICT_OBJC_MSGSEND = YES;
				GCC_C_LANGUAGE_STANDARD = gnu11;
				GCC_NO_COMMON_BLOCKS = YES;
				GCC_WARN_64_TO_32_BIT_CONVERSION = YES;
				GCC_WARN_ABOUT_RETURN_TYPE = YES_ERROR;
				GCC_WARN_UNDECLARED_SELECTOR = YES;
				GCC_WARN_UNINITIALIZED_AUTOS = YES_AGGRESSIVE;
				GCC_WARN_UNUSED_FUNCTION = YES;
				GCC_WARN_UNUSED_VARIABLE = YES;
				IPHONEOS_DEPLOYMENT_TARGET = 11.3;
				MTL_ENABLE_DEBUG_INFO = NO;
				SDKROOT = iphoneos;
				SWIFT_COMPILATION_MODE = wholemodule;
				SWIFT_OPTIMIZATION_LEVEL = "-O";
				VALIDATE_PRODUCT = YES;
			};
			name = Release;
		};
		AAE9B85C208D7E620083C862 /* Debug */ = {
			isa = XCBuildConfiguration;
			baseConfigurationReference = BDE9B988D371649FAE1B9C93 /* Pods-iostest.debug.xcconfig */;
			buildSettings = {
				ASSETCATALOG_COMPILER_APPICON_NAME = AppIcon;
				CODE_SIGN_STYLE = Automatic;
				INFOPLIST_FILE = iostest/Info.plist;
				LD_RUNPATH_SEARCH_PATHS = "$(inherited) @executable_path/Frameworks";
				PRODUCT_BUNDLE_IDENTIFIER = flyketch.iostest;
				PRODUCT_NAME = "$(TARGET_NAME)";
				SWIFT_VERSION = 4.0;
				TARGETED_DEVICE_FAMILY = "1,2";
			};
			name = Debug;
		};
		AAE9B85D208D7E620083C862 /* Release */ = {
			isa = XCBuildConfiguration;
			baseConfigurationReference = A7E653C845050A724C22581D /* Pods-iostest.release.xcconfig */;
			buildSettings = {
				ASSETCATALOG_COMPILER_APPICON_NAME = AppIcon;
				CODE_SIGN_STYLE = Automatic;
				INFOPLIST_FILE = iostest/Info.plist;
				LD_RUNPATH_SEARCH_PATHS = "$(inherited) @executable_path/Frameworks";
				PRODUCT_BUNDLE_IDENTIFIER = flyketch.iostest;
				PRODUCT_NAME = "$(TARGET_NAME)";
				SWIFT_VERSION = 4.0;
				TARGETED_DEVICE_FAMILY = "1,2";
			};
			name = Release;
		};
		AAE9B85F208D7E620083C862 /* Debug */ = {
			isa = XCBuildConfiguration;
			baseConfigurationReference = E575E55691C590C7EAD051BB /* Pods-iostestTests.debug.xcconfig */;
			buildSettings = {
				ALWAYS_EMBED_SWIFT_STANDARD_LIBRARIES = YES;
				BUNDLE_LOADER = "$(TEST_HOST)";
				CODE_SIGN_STYLE = Automatic;
				INFOPLIST_FILE = iostestTests/Info.plist;
				LD_RUNPATH_SEARCH_PATHS = "$(inherited) @executable_path/Frameworks @loader_path/Frameworks";
				PRODUCT_BUNDLE_IDENTIFIER = flyketch.iostestTests;
				PRODUCT_NAME = "$(TARGET_NAME)";
				SWIFT_VERSION = 4.0;
				TARGETED_DEVICE_FAMILY = "1,2";
				TEST_HOST = "$(BUILT_PRODUCTS_DIR)/iostest.app/iostest";
			};
			name = Debug;
		};
		AAE9B860208D7E620083C862 /* Release */ = {
			isa = XCBuildConfiguration;
			baseConfigurationReference = 2180C780B8B074915D600FC3 /* Pods-iostestTests.release.xcconfig */;
			buildSettings = {
				ALWAYS_EMBED_SWIFT_STANDARD_LIBRARIES = YES;
				BUNDLE_LOADER = "$(TEST_HOST)";
				CODE_SIGN_STYLE = Automatic;
				INFOPLIST_FILE = iostestTests/Info.plist;
				LD_RUNPATH_SEARCH_PATHS = "$(inherited) @executable_path/Frameworks @loader_path/Frameworks";
				PRODUCT_BUNDLE_IDENTIFIER = flyketch.iostestTests;
				PRODUCT_NAME = "$(TARGET_NAME)";
				SWIFT_VERSION = 4.0;
				TARGETED_DEVICE_FAMILY = "1,2";
				TEST_HOST = "$(BUILT_PRODUCTS_DIR)/iostest.app/iostest";
			};
			name = Release;
		};
		AAE9B862208D7E620083C862 /* Debug */ = {
			isa = XCBuildConfiguration;
			baseConfigurationReference = A6C2DA55DDE9CC0CA4A426B7 /* Pods-iostestUITests.debug.xcconfig */;
			buildSettings = {
				ALWAYS_EMBED_SWIFT_STANDARD_LIBRARIES = YES;
				CODE_SIGN_STYLE = Automatic;
				INFOPLIST_FILE = iostestUITests/Info.plist;
				LD_RUNPATH_SEARCH_PATHS = "$(inherited) @executable_path/Frameworks @loader_path/Frameworks";
				PRODUCT_BUNDLE_IDENTIFIER = flyketch.iostestUITests;
				PRODUCT_NAME = "$(TARGET_NAME)";
				SWIFT_VERSION = 4.0;
				TARGETED_DEVICE_FAMILY = "1,2";
				TEST_TARGET_NAME = iostest;
			};
			name = Debug;
		};
		AAE9B863208D7E620083C862 /* Release */ = {
			isa = XCBuildConfiguration;
			baseConfigurationReference = BA7D9903BEDA6094526C46C5 /* Pods-iostestUITests.release.xcconfig */;
			buildSettings = {
				ALWAYS_EMBED_SWIFT_STANDARD_LIBRARIES = YES;
				CODE_SIGN_STYLE = Automatic;
				INFOPLIST_FILE = iostestUITests/Info.plist;
				LD_RUNPATH_SEARCH_PATHS = "$(inherited) @executable_path/Frameworks @loader_path/Frameworks";
				PRODUCT_BUNDLE_IDENTIFIER = flyketch.iostestUITests;
				PRODUCT_NAME = "$(TARGET_NAME)";
				SWIFT_VERSION = 4.0;
				TARGETED_DEVICE_FAMILY = "1,2";
				TEST_TARGET_NAME = iostest;
			};
			name = Release;
		};
/* End XCBuildConfiguration section */

/* Begin XCConfigurationList section */
		AAE9B82E208D7E5E0083C862 /* Build configuration list for PBXProject "iostest" */ = {
			isa = XCConfigurationList;
			buildConfigurations = (
				AAE9B859208D7E620083C862 /* Debug */,
				AAE9B85A208D7E620083C862 /* Release */,
			);
			defaultConfigurationIsVisible = 0;
			defaultConfigurationName = Release;
		};
		AAE9B85B208D7E620083C862 /* Build configuration list for PBXNativeTarget "iostest" */ = {
			isa = XCConfigurationList;
			buildConfigurations = (
				AAE9B85C208D7E620083C862 /* Debug */,
				AAE9B85D208D7E620083C862 /* Release */,
			);
			defaultConfigurationIsVisible = 0;
			defaultConfigurationName = Release;
		};
		AAE9B85E208D7E620083C862 /* Build configuration list for PBXNativeTarget "iostestTests" */ = {
			isa = XCConfigurationList;
			buildConfigurations = (
				AAE9B85F208D7E620083C862 /* Debug */,
				AAE9B860208D7E620083C862 /* Release */,
			);
			defaultConfigurationIsVisible = 0;
			defaultConfigurationName = Release;
		};
		AAE9B861208D7E620083C862 /* Build configuration list for PBXNativeTarget "iostestUITests" */ = {
			isa = XCConfigurationList;
			buildConfigurations = (
				AAE9B862208D7E620083C862 /* Debug */,
				AAE9B863208D7E620083C862 /* Release */,
			);
			defaultConfigurationIsVisible = 0;
			defaultConfigurationName = Release;
		};
/* End XCConfigurationList section */
	};
	rootObject = AAE9B82B208D7E5E0083C862 /* Project object */;
}
